
Microsoft Visual Studio Solution File, Format Version 12.00
# Visual Studio Version 17
VisualStudioVersion = 17.7.34202.233
MinimumVisualStudioVersion = 10.0.40219.1
Project("{FAE04EC0-301F-11D3-BF4B-00C04F79EFBC}") = "Cesium", "Cesium\Cesium.csproj", "{1EB9DA9A-20A1-4111-83DF-A0212A0FB80D}"
EndProject
Project("{FAE04EC0-301F-11D3-BF4B-00C04F79EFBC}") = "CefNew", "CefNew\CefNew.csproj", "{47140A72-E6F4-45A3-B22F-77E62F392F05}"
EndProject
Project("{FAE04EC0-301F-11D3-BF4B-00C04F79EFBC}") = "CefOld", "CefOld\CefOld.csproj", "{7068E5CD-F059-4669-9DFA-5DAC072F9B99}"
EndProject
Global
	GlobalSection(SolutionConfigurationPlatforms) = preSolution
		Debug|Any CPU = Debug|Any CPU
		Debug|x86 = Debug|x86
		Release|Any CPU = Release|Any CPU
		Release|x86 = Release|x86
	EndGlobalSection
	GlobalSection(ProjectConfigurationPlatforms) = postSolution
		{1EB9DA9A-20A1-4111-83DF-A0212A0FB80D}.Debug|Any CPU.ActiveCfg = Debug|Any CPU
		{1EB9DA9A-20A1-4111-83DF-A0212A0FB80D}.Debug|Any CPU.Build.0 = Debug|Any CPU
		{1EB9DA9A-20A1-4111-83DF-A0212A0FB80D}.Debug|x86.ActiveCfg = Debug|Any CPU
		{1EB9DA9A-20A1-4111-83DF-A0212A0FB80D}.Debug|x86.Build.0 = Debug|Any CPU
		{1EB9DA9A-20A1-4111-83DF-A0212A0FB80D}.Release|Any CPU.ActiveCfg = Release|Any CPU
		{1EB9DA9A-20A1-4111-83DF-A0212A0FB80D}.Release|Any CPU.Build.0 = Release|Any CPU
		{1EB9DA9A-20A1-4111-83DF-A0212A0FB80D}.Release|x86.ActiveCfg = Release|Any CPU
		{1EB9DA9A-20A1-4111-83DF-A0212A0FB80D}.Release|x86.Build.0 = Release|Any CPU
		{47140A72-E6F4-45A3-B22F-77E62F392F05}.Debug|Any CPU.ActiveCfg = Debug|Any CPU
		{47140A72-E6F4-45A3-B22F-77E62F392F05}.Debug|Any CPU.Build.0 = Debug|Any CPU
		{47140A72-E6F4-45A3-B22F-77E62F392F05}.Debug|x86.ActiveCfg = Debug|Any CPU
		{47140A72-E6F4-45A3-B22F-77E62F392F05}.Debug|x86.Build.0 = Debug|Any CPU
		{47140A72-E6F4-45A3-B22F-77E62F392F05}.Release|Any CPU.ActiveCfg = Release|Any CPU
		{47140A72-E6F4-45A3-B22F-77E62F392F05}.Release|Any CPU.Build.0 = Release|Any CPU
		{47140A72-E6F4-45A3-B22F-77E62F392F05}.Release|x86.ActiveCfg = Release|Any CPU
		{47140A72-E6F4-45A3-B22F-77E62F392F05}.Release|x86.Build.0 = Release|Any CPU
		{7068E5CD-F059-4669-9DFA-5DAC072F9B99}.Debug|Any CPU.ActiveCfg = Debug|x86
		{7068E5CD-F059-4669-9DFA-5DAC072F9B99}.Debug|Any CPU.Build.0 = Debug|x86
		{7068E5CD-F059-4669-9DFA-5DAC072F9B99}.Debug|x86.ActiveCfg = Debug|Any CPU
		{7068E5CD-F059-4669-9DFA-5DAC072F9B99}.Debug|x86.Build.0 = Debug|Any CPU
		{7068E5CD-F059-4669-9DFA-5DAC072F9B99}.Release|Any CPU.ActiveCfg = Release|Any CPU
		{7068E5CD-F059-4669-9DFA-5DAC072F9B99}.Release|Any CPU.Build.0 = Release|Any CPU
		{7068E5CD-F059-4669-9DFA-5DAC072F9B99}.Release|x86.ActiveCfg = Release|Any CPU
		{7068E5CD-F059-4669-9DFA-5DAC072F9B99}.Release|x86.Build.0 = Release|Any CPU
	EndGlobalSection
	GlobalSection(SolutionProperties) = preSolution
		HideSolutionNode = FALSE
	EndGlobalSection
	GlobalSection(ExtensibilityGlobals) = postSolution
		SolutionGuid = {4EE92AF0-D41E-4577-A834-2CC6E565B770}
	EndGlobalSection
EndGlobal
